// !$*UTF8*$!
{
	archiveVersion = 1;
	classes = {
	};
	objectVersion = 50;
	objects = {

/* Begin PBXBuildFile section */
		AE57C3EE22D33C270003B1BA /* CoreMLTests.swift in Sources */ = {isa = PBXBuildFile; fileRef = AE57C3ED22D33C270003B1BA /* CoreMLTests.swift */; };
		AE57C3F922D33C270003B1BA /* CoreMLUITests.swift in Sources */ = {isa = PBXBuildFile; fileRef = AE57C3F822D33C270003B1BA /* CoreMLUITests.swift */; };
		AE57C40A22D33F9A0003B1BA /* SentimentModel.mlmodel in Sources */ = {isa = PBXBuildFile; fileRef = AE57C40622D33C480003B1BA /* SentimentModel.mlmodel */; };
		AE57C40B22D33F9A0003B1BA /* ViewController.swift in Sources */ = {isa = PBXBuildFile; fileRef = AE57C3DA22D33C240003B1BA /* ViewController.swift */; };
		AE57C40C22D33F9A0003B1BA /* AppDelegate.swift in Sources */ = {isa = PBXBuildFile; fileRef = AE57C3D822D33C240003B1BA /* AppDelegate.swift */; };
		AE57C40F22D33F9A0003B1BA /* LaunchScreen.storyboard in Resources */ = {isa = PBXBuildFile; fileRef = AE57C3E122D33C270003B1BA /* LaunchScreen.storyboard */; };
		AE57C41022D33F9A0003B1BA /* Assets.xcassets in Resources */ = {isa = PBXBuildFile; fileRef = AE57C3DF22D33C270003B1BA /* Assets.xcassets */; };
		AE57C41122D33F9A0003B1BA /* Main.storyboard in Resources */ = {isa = PBXBuildFile; fileRef = AE57C3DC22D33C240003B1BA /* Main.storyboard */; };
/* End PBXBuildFile section */

/* Begin PBXFileReference section */
		AE57C3D822D33C240003B1BA /* AppDelegate.swift */ = {isa = PBXFileReference; lastKnownFileType = sourcecode.swift; path = AppDelegate.swift; sourceTree = "<group>"; };
		AE57C3DA22D33C240003B1BA /* ViewController.swift */ = {isa = PBXFileReference; lastKnownFileType = sourcecode.swift; path = ViewController.swift; sourceTree = "<group>"; };
		AE57C3DD22D33C240003B1BA /* Base */ = {isa = PBXFileReference; lastKnownFileType = file.storyboard; name = Base; path = Base.lproj/Main.storyboard; sourceTree = "<group>"; };
		AE57C3DF22D33C270003B1BA /* Assets.xcassets */ = {isa = PBXFileReference; lastKnownFileType = folder.assetcatalog; path = Assets.xcassets; sourceTree = "<group>"; };
		AE57C3E222D33C270003B1BA /* Base */ = {isa = PBXFileReference; lastKnownFileType = file.storyboard; name = Base; path = Base.lproj/LaunchScreen.storyboard; sourceTree = "<group>"; };
		AE57C3E422D33C270003B1BA /* Info.plist */ = {isa = PBXFileReference; lastKnownFileType = text.plist.xml; path = Info.plist; sourceTree = "<group>"; };
		AE57C3E922D33C270003B1BA /* CoreMLProjectsTests.xctest */ = {isa = PBXFileReference; explicitFileType = wrapper.cfbundle; includeInIndex = 0; path = CoreMLProjectsTests.xctest; sourceTree = BUILT_PRODUCTS_DIR; };
		AE57C3ED22D33C270003B1BA /* CoreMLTests.swift */ = {isa = PBXFileReference; lastKnownFileType = sourcecode.swift; path = CoreMLTests.swift; sourceTree = "<group>"; };
		AE57C3EF22D33C270003B1BA /* Info.plist */ = {isa = PBXFileReference; lastKnownFileType = text.plist.xml; path = Info.plist; sourceTree = "<group>"; };
		AE57C3F422D33C270003B1BA /* CoreMLProjectsUITests.xctest */ = {isa = PBXFileReference; explicitFileType = wrapper.cfbundle; includeInIndex = 0; path = CoreMLProjectsUITests.xctest; sourceTree = BUILT_PRODUCTS_DIR; };
		AE57C3F822D33C270003B1BA /* CoreMLUITests.swift */ = {isa = PBXFileReference; lastKnownFileType = sourcecode.swift; path = CoreMLUITests.swift; sourceTree = "<group>"; };
		AE57C3FA22D33C270003B1BA /* Info.plist */ = {isa = PBXFileReference; lastKnownFileType = text.plist.xml; path = Info.plist; sourceTree = "<group>"; };
		AE57C40622D33C480003B1BA /* SentimentModel.mlmodel */ = {isa = PBXFileReference; lastKnownFileType = file.mlmodel; path = SentimentModel.mlmodel; sourceTree = "<group>"; };
		AE57C41522D33F9A0003B1BA /* CoreMLProjectsProjects.app */ = {isa = PBXFileReference; explicitFileType = wrapper.application; includeInIndex = 0; path = CoreMLProjectsProjects.app; sourceTree = BUILT_PRODUCTS_DIR; };
		AE57C41622D33F9A0003B1BA /* CoreMLProjects copy-Info.plist */ = {isa = PBXFileReference; lastKnownFileType = text.plist.xml; path = "CoreMLProjects copy-Info.plist"; sourceTree = "<group>"; };
/* End PBXFileReference section */

/* Begin PBXFrameworksBuildPhase section */
		AE57C3E622D33C270003B1BA /* Frameworks */ = {
			isa = PBXFrameworksBuildPhase;
			buildActionMask = 2147483647;
			files = (
			);
			runOnlyForDeploymentPostprocessing = 0;
		};
		AE57C3F122D33C270003B1BA /* Frameworks */ = {
			isa = PBXFrameworksBuildPhase;
			buildActionMask = 2147483647;
			files = (
			);
			runOnlyForDeploymentPostprocessing = 0;
		};
		AE57C40D22D33F9A0003B1BA /* Frameworks */ = {
			isa = PBXFrameworksBuildPhase;
			buildActionMask = 2147483647;
			files = (
			);
			runOnlyForDeploymentPostprocessing = 0;
		};
/* End PBXFrameworksBuildPhase section */

/* Begin PBXGroup section */
		AE57C3CC22D33C240003B1BA = {
			isa = PBXGroup;
			children = (
				AE57C3D722D33C240003B1BA /* CoreML */,
				AE57C3EC22D33C270003B1BA /* CoreMLTests */,
				AE57C3F722D33C270003B1BA /* CoreMLUITests */,
				AE57C3D622D33C240003B1BA /* Products */,
				AE57C41622D33F9A0003B1BA /* CoreMLProjects copy-Info.plist */,
			);
			sourceTree = "<group>";
		};
		AE57C3D622D33C240003B1BA /* Products */ = {
			isa = PBXGroup;
			children = (
				AE57C3E922D33C270003B1BA /* CoreMLProjectsTests.xctest */,
				AE57C3F422D33C270003B1BA /* CoreMLProjectsUITests.xctest */,
				AE57C41522D33F9A0003B1BA /* CoreMLProjectsProjects.app */,
			);
			name = Products;
			sourceTree = "<group>";
		};
		AE57C3D722D33C240003B1BA /* CoreML */ = {
			isa = PBXGroup;
			children = (
				AE57C40622D33C480003B1BA /* SentimentModel.mlmodel */,
				AE57C3D822D33C240003B1BA /* AppDelegate.swift */,
				AE57C3DA22D33C240003B1BA /* ViewController.swift */,
				AE57C3DC22D33C240003B1BA /* Main.storyboard */,
				AE57C3DF22D33C270003B1BA /* Assets.xcassets */,
				AE57C3E122D33C270003B1BA /* LaunchScreen.storyboard */,
				AE57C3E422D33C270003B1BA /* Info.plist */,
			);
			path = CoreML;
			sourceTree = "<group>";
		};
		AE57C3EC22D33C270003B1BA /* CoreMLTests */ = {
			isa = PBXGroup;
			children = (
				AE57C3ED22D33C270003B1BA /* CoreMLTests.swift */,
				AE57C3EF22D33C270003B1BA /* Info.plist */,
			);
			path = CoreMLTests;
			sourceTree = "<group>";
		};
		AE57C3F722D33C270003B1BA /* CoreMLUITests */ = {
			isa = PBXGroup;
			children = (
				AE57C3F822D33C270003B1BA /* CoreMLUITests.swift */,
				AE57C3FA22D33C270003B1BA /* Info.plist */,
			);
			path = CoreMLUITests;
			sourceTree = "<group>";
		};
/* End PBXGroup section */

/* Begin PBXNativeTarget section */
		AE57C3E822D33C270003B1BA /* CoreMLProjectsTests */ = {
			isa = PBXNativeTarget;
			buildConfigurationList = AE57C40022D33C270003B1BA /* Build configuration list for PBXNativeTarget "CoreMLProjectsTests" */;
			buildPhases = (
				AE57C3E522D33C270003B1BA /* Sources */,
				AE57C3E622D33C270003B1BA /* Frameworks */,
				AE57C3E722D33C270003B1BA /* Resources */,
			);
			buildRules = (
			);
			dependencies = (
			);
			name = CoreMLProjectsTests;
			productName = CoreMLTests;
			productReference = AE57C3E922D33C270003B1BA /* CoreMLProjectsTests.xctest */;
			productType = "com.apple.product-type.bundle.unit-test";
		};
		AE57C3F322D33C270003B1BA /* CoreMLProjectsUITests */ = {
			isa = PBXNativeTarget;
			buildConfigurationList = AE57C40322D33C270003B1BA /* Build configuration list for PBXNativeTarget "CoreMLProjectsUITests" */;
			buildPhases = (
				AE57C3F022D33C270003B1BA /* Sources */,
				AE57C3F122D33C270003B1BA /* Frameworks */,
				AE57C3F222D33C270003B1BA /* Resources */,
			);
			buildRules = (
			);
			dependencies = (
			);
			name = CoreMLProjectsUITests;
			productName = CoreMLUITests;
			productReference = AE57C3F422D33C270003B1BA /* CoreMLProjectsUITests.xctest */;
			productType = "com.apple.product-type.bundle.ui-testing";
		};
		AE57C40822D33F9A0003B1BA /* CoreMLProjectsProjects */ = {
			isa = PBXNativeTarget;
			buildConfigurationList = AE57C41222D33F9A0003B1BA /* Build configuration list for PBXNativeTarget "CoreMLProjectsProjects" */;
			buildPhases = (
				AE57C40922D33F9A0003B1BA /* Sources */,
				AE57C40D22D33F9A0003B1BA /* Frameworks */,
				AE57C40E22D33F9A0003B1BA /* Resources */,
			);
			buildRules = (
			);
			dependencies = (
			);
			name = CoreMLProjectsProjects;
			productName = CoreML;
			productReference = AE57C41522D33F9A0003B1BA /* CoreMLProjectsProjects.app */;
			productType = "com.apple.product-type.application";
		};
/* End PBXNativeTarget section */

/* Begin PBXProject section */
		AE57C3CD22D33C240003B1BA /* Project object */ = {
			isa = PBXProject;
			attributes = {
				LastSwiftUpdateCheck = 1020;
				LastUpgradeCheck = 1020;
				ORGANIZATIONNAME = "Suthar, Bhavin Udavji (US - Mumbai)";
				TargetAttributes = {
					AE57C3E822D33C270003B1BA = {
						CreatedOnToolsVersion = 10.2.1;
						TestTargetID = AE57C3D422D33C240003B1BA;
					};
					AE57C3F322D33C270003B1BA = {
						CreatedOnToolsVersion = 10.2.1;
						TestTargetID = AE57C3D422D33C240003B1BA;
					};
				};
			};
			buildConfigurationList = AE57C3D022D33C240003B1BA /* Build configuration list for PBXProject "CoreMLProjects" */;
			compatibilityVersion = "Xcode 9.3";
			developmentRegion = en;
			hasScannedForEncodings = 0;
			knownRegions = (
				en,
				Base,
			);
			mainGroup = AE57C3CC22D33C240003B1BA;
			productRefGroup = AE57C3D622D33C240003B1BA /* Products */;
			projectDirPath = "";
			projectRoot = "";
			targets = (
				AE57C3E822D33C270003B1BA /* CoreMLProjectsTests */,
				AE57C3F322D33C270003B1BA /* CoreMLProjectsUITests */,
				AE57C40822D33F9A0003B1BA /* CoreMLProjectsProjects */,
			);
		};
/* End PBXProject section */

/* Begin PBXResourcesBuildPhase section */
		AE57C3E722D33C270003B1BA /* Resources */ = {
			isa = PBXResourcesBuildPhase;
			buildActionMask = 2147483647;
			files = (
			);
			runOnlyForDeploymentPostprocessing = 0;
		};
		AE57C3F222D33C270003B1BA /* Resources */ = {
			isa = PBXResourcesBuildPhase;
			buildActionMask = 2147483647;
			files = (
			);
			runOnlyForDeploymentPostprocessing = 0;
		};
		AE57C40E22D33F9A0003B1BA /* Resources */ = {
			isa = PBXResourcesBuildPhase;
			buildActionMask = 2147483647;
			files = (
				AE57C40F22D33F9A0003B1BA /* LaunchScreen.storyboard in Resources */,
				AE57C41022D33F9A0003B1BA /* Assets.xcassets in Resources */,
				AE57C41122D33F9A0003B1BA /* Main.storyboard in Resources */,
			);
			runOnlyForDeploymentPostprocessing = 0;
		};
/* End PBXResourcesBuildPhase section */

/* Begin PBXSourcesBuildPhase section */
		AE57C3E522D33C270003B1BA /* Sources */ = {
			isa = PBXSourcesBuildPhase;
			buildActionMask = 2147483647;
			files = (
				AE57C3EE22D33C270003B1BA /* CoreMLTests.swift in Sources */,
			);
			runOnlyForDeploymentPostprocessing = 0;
		};
		AE57C3F022D33C270003B1BA /* Sources */ = {
			isa = PBXSourcesBuildPhase;
			buildActionMask = 2147483647;
			files = (
				AE57C3F922D33C270003B1BA /* CoreMLUITests.swift in Sources */,
			);
			runOnlyForDeploymentPostprocessing = 0;
		};
		AE57C40922D33F9A0003B1BA /* Sources */ = {
			isa = PBXSourcesBuildPhase;
			buildActionMask = 2147483647;
			files = (
				AE57C40A22D33F9A0003B1BA /* SentimentModel.mlmodel in Sources */,
				AE57C40B22D33F9A0003B1BA /* ViewController.swift in Sources */,
				AE57C40C22D33F9A0003B1BA /* AppDelegate.swift in Sources */,
			);
			runOnlyForDeploymentPostprocessing = 0;
		};
/* End PBXSourcesBuildPhase section */

/* Begin PBXVariantGroup section */
		AE57C3DC22D33C240003B1BA /* Main.storyboard */ = {
			isa = PBXVariantGroup;
			children = (
				AE57C3DD22D33C240003B1BA /* Base */,
			);
			name = Main.storyboard;
			sourceTree = "<group>";
		};
		AE57C3E122D33C270003B1BA /* LaunchScreen.storyboard */ = {
			isa = PBXVariantGroup;
			children = (
				AE57C3E222D33C270003B1BA /* Base */,
			);
			name = LaunchScreen.storyboard;
			sourceTree = "<group>";
		};
/* End PBXVariantGroup section */

/* Begin XCBuildConfiguration section */
		AE57C3FB22D33C270003B1BA /* Debug */ = {
			isa = XCBuildConfiguration;
			buildSettings = {
				ALWAYS_SEARCH_USER_PATHS = NO;
				CLANG_ANALYZER_NONNULL = YES;
				CLANG_ANALYZER_NUMBER_OBJECT_CONVERSION = YES_AGGRESSIVE;
				CLANG_CXX_LANGUAGE_STANDARD = "gnu++14";
				CLANG_CXX_LIBRARY = "libc++";
				CLANG_ENABLE_MODULES = YES;
				CLANG_ENABLE_OBJC_ARC = YES;
				CLANG_ENABLE_OBJC_WEAK = YES;
				CLANG_WARN_BLOCK_CAPTURE_AUTORELEASING = YES;
				CLANG_WARN_BOOL_CONVERSION = YES;
				CLANG_WARN_COMMA = YES;
				CLANG_WARN_CONSTANT_CONVERSION = YES;
				CLANG_WARN_DEPRECATED_OBJC_IMPLEMENTATIONS = YES;
				CLANG_WARN_DIRECT_OBJC_ISA_USAGE = YES_ERROR;
				CLANG_WARN_DOCUMENTATION_COMMENTS = YES;
				CLANG_WARN_EMPTY_BODY = YES;
				CLANG_WARN_ENUM_CONVERSION = YES;
				CLANG_WARN_INFINITE_RECURSION = YES;
				CLANG_WARN_INT_CONVERSION = YES;
				CLANG_WARN_NON_LITERAL_NULL_CONVERSION = YES;
				CLANG_WARN_OBJC_IMPLICIT_RETAIN_SELF = YES;
				CLANG_WARN_OBJC_LITERAL_CONVERSION = YES;
				CLANG_WARN_OBJC_ROOT_CLASS = YES_ERROR;
				CLANG_WARN_RANGE_LOOP_ANALYSIS = YES;
				CLANG_WARN_STRICT_PROTOTYPES = YES;
				CLANG_WARN_SUSPICIOUS_MOVE = YES;
				CLANG_WARN_UNGUARDED_AVAILABILITY = YES_AGGRESSIVE;
				CLANG_WARN_UNREACHABLE_CODE = YES;
				CLANG_WARN__DUPLICATE_METHOD_MATCH = YES;
				CODE_SIGN_IDENTITY = "iPhone Developer";
				COPY_PHASE_STRIP = NO;
				DEBUG_INFORMATION_FORMAT = dwarf;
				ENABLE_STRICT_OBJC_MSGSEND = YES;
				ENABLE_TESTABILITY = YES;
				GCC_C_LANGUAGE_STANDARD = gnu11;
				GCC_DYNAMIC_NO_PIC = NO;
				GCC_NO_COMMON_BLOCKS = YES;
				GCC_OPTIMIZATION_LEVEL = 0;
				GCC_PREPROCESSOR_DEFINITIONS = (
					"DEBUG=1",
					"$(inherited)",
				);
				GCC_WARN_64_TO_32_BIT_CONVERSION = YES;
				GCC_WARN_ABOUT_RETURN_TYPE = YES_ERROR;
				GCC_WARN_UNDECLARED_SELECTOR = YES;
				GCC_WARN_UNINITIALIZED_AUTOS = YES_AGGRESSIVE;
				GCC_WARN_UNUSED_FUNCTION = YES;
				GCC_WARN_UNUSED_VARIABLE = YES;
				IPHONEOS_DEPLOYMENT_TARGET = 12.2;
				MTL_ENABLE_DEBUG_INFO = INCLUDE_SOURCE;
				MTL_FAST_MATH = YES;
				ONLY_ACTIVE_ARCH = YES;
				SDKROOT = iphoneos;
				SWIFT_ACTIVE_COMPILATION_CONDITIONS = DEBUG;
				SWIFT_OPTIMIZATION_LEVEL = "-Onone";
			};
			name = Debug;
		};
		AE57C3FC22D33C270003B1BA /* Release */ = {
			isa = XCBuildConfiguration;
			buildSettings = {
				ALWAYS_SEARCH_USER_PATHS = NO;
				CLANG_ANALYZER_NONNULL = YES;
				CLANG_ANALYZER_NUMBER_OBJECT_CONVERSION = YES_AGGRESSIVE;
				CLANG_CXX_LANGUAGE_STANDARD = "gnu++14";
				CLANG_CXX_LIBRARY = "libc++";
				CLANG_ENABLE_MODULES = YES;
				CLANG_ENABLE_OBJC_ARC = YES;
				CLANG_ENABLE_OBJC_WEAK = YES;
				CLANG_WARN_BLOCK_CAPTURE_AUTORELEASING = YES;
				CLANG_WARN_BOOL_CONVERSION = YES;
				CLANG_WARN_COMMA = YES;
				CLANG_WARN_CONSTANT_CONVERSION = YES;
				CLANG_WARN_DEPRECATED_OBJC_IMPLEMENTATIONS = YES;
				CLANG_WARN_DIRECT_OBJC_ISA_USAGE = YES_ERROR;
				CLANG_WARN_DOCUMENTATION_COMMENTS = YES;
				CLANG_WARN_EMPTY_BODY = YES;
				CLANG_WARN_ENUM_CONVERSION = YES;
				CLANG_WARN_INFINITE_RECURSION = YES;
				CLANG_WARN_INT_CONVERSION = YES;
				CLANG_WARN_NON_LITERAL_NULL_CONVERSION = YES;
				CLANG_WARN_OBJC_IMPLICIT_RETAIN_SELF = YES;
				CLANG_WARN_OBJC_LITERAL_CONVERSION = YES;
				CLANG_WARN_OBJC_ROOT_CLASS = YES_ERROR;
				CLANG_WARN_RANGE_LOOP_ANALYSIS = YES;
				CLANG_WARN_STRICT_PROTOTYPES = YES;
				CLANG_WARN_SUSPICIOUS_MOVE = YES;
				CLANG_WARN_UNGUARDED_AVAILABILITY = YES_AGGRESSIVE;
				CLANG_WARN_UNREACHABLE_CODE = YES;
				CLANG_WARN__DUPLICATE_METHOD_MATCH = YES;
				CODE_SIGN_IDENTITY = "iPhone Developer";
				COPY_PHASE_STRIP = NO;
				DEBUG_INFORMATION_FORMAT = "dwarf-with-dsym";
				ENABLE_NS_ASSERTIONS = NO;
				ENABLE_STRICT_OBJC_MSGSEND = YES;
				GCC_C_LANGUAGE_STANDARD = gnu11;
				GCC_NO_COMMON_BLOCKS = YES;
				GCC_WARN_64_TO_32_BIT_CONVERSION = YES;
				GCC_WARN_ABOUT_RETURN_TYPE = YES_ERROR;
				GCC_WARN_UNDECLARED_SELECTOR = YES;
				GCC_WARN_UNINITIALIZED_AUTOS = YES_AGGRESSIVE;
				GCC_WARN_UNUSED_FUNCTION = YES;
				GCC_WARN_UNUSED_VARIABLE = YES;
				IPHONEOS_DEPLOYMENT_TARGET = 12.2;
				MTL_ENABLE_DEBUG_INFO = NO;
				MTL_FAST_MATH = YES;
				SDKROOT = iphoneos;
				SWIFT_COMPILATION_MODE = wholemodule;
				SWIFT_OPTIMIZATION_LEVEL = "-O";
				VALIDATE_PRODUCT = YES;
			};
			name = Release;
		};
		AE57C40122D33C270003B1BA /* Debug */ = {
			isa = XCBuildConfiguration;
			buildSettings = {
				ALWAYS_EMBED_SWIFT_STANDARD_LIBRARIES = YES;
				BUNDLE_LOADER = "$(TEST_HOST)";
				CODE_SIGN_STYLE = Automatic;
				DEVELOPMENT_TEAM = 9UMCZPK5JX;
				INFOPLIST_FILE = CoreMLTests/Info.plist;
				LD_RUNPATH_SEARCH_PATHS = (
					"$(inherited)",
					"@executable_path/Frameworks",
					"@loader_path/Frameworks",
				);
				PRODUCT_BUNDLE_IDENTIFIER = cazzy.CoreMLTests;
				PRODUCT_NAME = "$(TARGET_NAME)";
				SWIFT_VERSION = 5.0;
				TARGETED_DEVICE_FAMILY = "1,2";
				TEST_HOST = "$(BUILT_PRODUCTS_DIR)/CoreMLProjects.app/CoreMLProjects";
			};
			name = Debug;
		};
		AE57C40222D33C270003B1BA /* Release */ = {
			isa = XCBuildConfiguration;
			buildSettings = {
				ALWAYS_EMBED_SWIFT_STANDARD_LIBRARIES = YES;
				BUNDLE_LOADER = "$(TEST_HOST)";
				CODE_SIGN_STYLE = Automatic;
				DEVELOPMENT_TEAM = 9UMCZPK5JX;
				INFOPLIST_FILE = CoreMLTests/Info.plist;
				LD_RUNPATH_SEARCH_PATHS = (
					"$(inherited)",
					"@executable_path/Frameworks",
					"@loader_path/Frameworks",
				);
				PRODUCT_BUNDLE_IDENTIFIER = cazzy.CoreMLTests;
				PRODUCT_NAME = "$(TARGET_NAME)";
				SWIFT_VERSION = 5.0;
				TARGETED_DEVICE_FAMILY = "1,2";
				TEST_HOST = "$(BUILT_PRODUCTS_DIR)/CoreMLProjects.app/CoreMLProjects";
			};
			name = Release;
		};
		AE57C40422D33C270003B1BA /* Debug */ = {
			isa = XCBuildConfiguration;
			buildSettings = {
				ALWAYS_EMBED_SWIFT_STANDARD_LIBRARIES = YES;
				CODE_SIGN_STYLE = Automatic;
				DEVELOPMENT_TEAM = 9UMCZPK5JX;
				INFOPLIST_FILE = CoreMLUITests/Info.plist;
				LD_RUNPATH_SEARCH_PATHS = (
					"$(inherited)",
					"@executable_path/Frameworks",
					"@loader_path/Frameworks",
				);
				PRODUCT_BUNDLE_IDENTIFIER = cazzy.CoreMLUITests;
				PRODUCT_NAME = "$(TARGET_NAME)";
				SWIFT_VERSION = 5.0;
				TARGETED_DEVICE_FAMILY = "1,2";
				TEST_TARGET_NAME = CoreML;
			};
			name = Debug;
		};
		AE57C40522D33C270003B1BA /* Release */ = {
			isa = XCBuildConfiguration;
			buildSettings = {
				ALWAYS_EMBED_SWIFT_STANDARD_LIBRARIES = YES;
				CODE_SIGN_STYLE = Automatic;
				DEVELOPMENT_TEAM = 9UMCZPK5JX;
				INFOPLIST_FILE = CoreMLUITests/Info.plist;
				LD_RUNPATH_SEARCH_PATHS = (
					"$(inherited)",
					"@executable_path/Frameworks",
					"@loader_path/Frameworks",
				);
				PRODUCT_BUNDLE_IDENTIFIER = cazzy.CoreMLUITests;
				PRODUCT_NAME = "$(TARGET_NAME)";
				SWIFT_VERSION = 5.0;
				TARGETED_DEVICE_FAMILY = "1,2";
				TEST_TARGET_NAME = CoreML;
			};
			name = Release;
		};
		AE57C41322D33F9A0003B1BA /* Debug */ = {
			isa = XCBuildConfiguration;
			buildSettings = {
				ASSETCATALOG_COMPILER_APPICON_NAME = AppIcon;
				CODE_SIGN_STYLE = Automatic;
				DEVELOPMENT_TEAM = 9UMCZPK5JX;
				INFOPLIST_FILE = "CoreMLProjects copy-Info.plist";
				IPHONEOS_DEPLOYMENT_TARGET = 11.0;
				LD_RUNPATH_SEARCH_PATHS = (
					"$(inherited)",
					"@executable_path/Frameworks",
				);
				PRODUCT_BUNDLE_IDENTIFIER = cazzy.CoreML;
				PRODUCT_NAME = "$(TARGET_NAME)";
				SWIFT_VERSION = 5.0;
				TARGETED_DEVICE_FAMILY = "1,2";
			};
			name = Debug;
		};
		AE57C41422D33F9A0003B1BA /* Release */ = {
			isa = XCBuildConfiguration;
			buildSettings = {
				ASSETCATALOG_COMPILER_APPICON_NAME = AppIcon;
				CODE_SIGN_STYLE = Automatic;
				DEVELOPMENT_TEAM = 9UMCZPK5JX;
				INFOPLIST_FILE = "CoreMLProjects copy-Info.plist";
				IPHONEOS_DEPLOYMENT_TARGET = 11.0;
				LD_RUNPATH_SEARCH_PATHS = (
					"$(inherited)",
					"@executable_path/Frameworks",
				);
				PRODUCT_BUNDLE_IDENTIFIER = cazzy.CoreML;
				PRODUCT_NAME = "$(TARGET_NAME)";
				SWIFT_VERSION = 5.0;
				TARGETED_DEVICE_FAMILY = "1,2";
			};
			name = Release;
		};
/* End XCBuildConfiguration section */

/* Begin XCConfigurationList section */
		AE57C3D022D33C240003B1BA /* Build configuration list for PBXProject "CoreMLProjects" */ = {
			isa = XCConfigurationList;
			buildConfigurations = (
				AE57C3FB22D33C270003B1BA /* Debug */,
				AE57C3FC22D33C270003B1BA /* Release */,
			);
			defaultConfigurationIsVisible = 0;
			defaultConfigurationName = Release;
		};
		AE57C40022D33C270003B1BA /* Build configuration list for PBXNativeTarget "CoreMLProjectsTests" */ = {
			isa = XCConfigurationList;
			buildConfigurations = (
				AE57C40122D33C270003B1BA /* Debug */,
				AE57C40222D33C270003B1BA /* Release */,
			);
			defaultConfigurationIsVisible = 0;
			defaultConfigurationName = Release;
		};
		AE57C40322D33C270003B1BA /* Build configuration list for PBXNativeTarget "CoreMLProjectsUITests" */ = {
			isa = XCConfigurationList;
			buildConfigurations = (
				AE57C40422D33C270003B1BA /* Debug */,
				AE57C40522D33C270003B1BA /* Release */,
			);
			defaultConfigurationIsVisible = 0;
			defaultConfigurationName = Release;
		};
		AE57C41222D33F9A0003B1BA /* Build configuration list for PBXNativeTarget "CoreMLProjectsProjects" */ = {
			isa = XCConfigurationList;
			buildConfigurations = (
				AE57C41322D33F9A0003B1BA /* Debug */,
				AE57C41422D33F9A0003B1BA /* Release */,
			);
			defaultConfigurationIsVisible = 0;
			defaultConfigurationName = Release;
		};
/* End XCConfigurationList section */
	};
	rootObject = AE57C3CD22D33C240003B1BA /* Project object */;
}
